
Microsoft Visual Studio Solution File, Format Version 12.00
# Visual Studio 14
VisualStudioVersion = 14.0.25420.1
MinimumVisualStudioVersion = 10.0.40219.1
Project("{FAE04EC0-301F-11D3-BF4B-00C04F79EFBC}") = "Testing", "Testing\Testing.csproj", "{001B60F5-80A7-4BED-88F5-1BCE7BBF5F3E}"
EndProject
Project("{FAE04EC0-301F-11D3-BF4B-00C04F79EFBC}") = "Developing", "Developing\Developing.csproj", "{F049BFEF-D4B0-448C-BF93-A0C992645220}"
EndProject
Global
	GlobalSection(Performance) = preSolution
		HasPerformanceSessions = true
	EndGlobalSection
	GlobalSection(SolutionConfigurationPlatforms) = preSolution
		Debug|Any CPU = Debug|Any CPU
		Release|Any CPU = Release|Any CPU
	EndGlobalSection
	GlobalSection(ProjectConfigurationPlatforms) = postSolution
		{001B60F5-80A7-4BED-88F5-1BCE7BBF5F3E}.Debug|Any CPU.ActiveCfg = Debug|Any CPU
		{001B60F5-80A7-4BED-88F5-1BCE7BBF5F3E}.Debug|Any CPU.Build.0 = Debug|Any CPU
		{001B60F5-80A7-4BED-88F5-1BCE7BBF5F3E}.Release|Any CPU.ActiveCfg = Release|Any CPU
		{001B60F5-80A7-4BED-88F5-1BCE7BBF5F3E}.Release|Any CPU.Build.0 = Release|Any CPU
		{F049BFEF-D4B0-448C-BF93-A0C992645220}.Debug|Any CPU.ActiveCfg = Debug|Any CPU
		{F049BFEF-D4B0-448C-BF93-A0C992645220}.Debug|Any CPU.Build.0 = Debug|Any CPU
		{F049BFEF-D4B0-448C-BF93-A0C992645220}.Release|Any CPU.ActiveCfg = Release|Any CPU
		{F049BFEF-D4B0-448C-BF93-A0C992645220}.Release|Any CPU.Build.0 = Release|Any CPU
	EndGlobalSection
	GlobalSection(SolutionProperties) = preSolution
		HideSolutionNode = FALSE
	EndGlobalSection
EndGlobal
