
Microsoft Visual Studio Solution File, Format Version 12.00
# Visual Studio 14
VisualStudioVersion = 14.0.25420.1
MinimumVisualStudioVersion = 10.0.40219.1
Project("{FAE04EC0-301F-11D3-BF4B-00C04F79EFBC}") = "Testing", "Testing\Testing.csproj", "{001B60F5-80A7-4BED-88F5-1BCE7BBF5F3E}"
EndProject
Project("{FAE04EC0-301F-11D3-BF4B-00C04F79EFBC}") = "Developing", "Developing\Developing.csproj", "{F049BFEF-D4B0-448C-BF93-A0C992645220}"
EndProject
Project("{FAE04EC0-301F-11D3-BF4B-00C04F79EFBC}") = "MvSharedLib", "MvSharedLib\MvSharedLib.csproj", "{263FC75C-34CA-4FAE-90DA-E879AE67606A}"
EndProject
Project("{FAE04EC0-301F-11D3-BF4B-00C04F79EFBC}") = "MvSharedLibTest", "MvSharedLibTest\MvSharedLibTest.csproj", "{C904606C-0D07-4632-8A96-6D7D9A0E7EAF}"
	ProjectSection(ProjectDependencies) = postProject
		{263FC75C-34CA-4FAE-90DA-E879AE67606A} = {263FC75C-34CA-4FAE-90DA-E879AE67606A}
	EndProjectSection
EndProject
Project("{FAE04EC0-301F-11D3-BF4B-00C04F79EFBC}") = "ConsoleDebug", "ConsoleDebug\ConsoleDebug.csproj", "{6096831C-784E-4B82-AC19-75A7F811231A}"
EndProject
Global
	GlobalSection(Performance) = preSolution
		HasPerformanceSessions = true
	EndGlobalSection
	GlobalSection(SolutionConfigurationPlatforms) = preSolution
		Debug|Any CPU = Debug|Any CPU
		Release|Any CPU = Release|Any CPU
	EndGlobalSection
	GlobalSection(ProjectConfigurationPlatforms) = postSolution
		{001B60F5-80A7-4BED-88F5-1BCE7BBF5F3E}.Debug|Any CPU.ActiveCfg = Debug|Any CPU
		{001B60F5-80A7-4BED-88F5-1BCE7BBF5F3E}.Debug|Any CPU.Build.0 = Debug|Any CPU
		{001B60F5-80A7-4BED-88F5-1BCE7BBF5F3E}.Release|Any CPU.ActiveCfg = Release|Any CPU
		{001B60F5-80A7-4BED-88F5-1BCE7BBF5F3E}.Release|Any CPU.Build.0 = Release|Any CPU
		{F049BFEF-D4B0-448C-BF93-A0C992645220}.Debug|Any CPU.ActiveCfg = Debug|Any CPU
		{F049BFEF-D4B0-448C-BF93-A0C992645220}.Debug|Any CPU.Build.0 = Debug|Any CPU
		{F049BFEF-D4B0-448C-BF93-A0C992645220}.Release|Any CPU.ActiveCfg = Release|Any CPU
		{F049BFEF-D4B0-448C-BF93-A0C992645220}.Release|Any CPU.Build.0 = Release|Any CPU
		{263FC75C-34CA-4FAE-90DA-E879AE67606A}.Debug|Any CPU.ActiveCfg = Debug|Any CPU
		{263FC75C-34CA-4FAE-90DA-E879AE67606A}.Debug|Any CPU.Build.0 = Debug|Any CPU
		{263FC75C-34CA-4FAE-90DA-E879AE67606A}.Release|Any CPU.ActiveCfg = Release|Any CPU
		{263FC75C-34CA-4FAE-90DA-E879AE67606A}.Release|Any CPU.Build.0 = Release|Any CPU
		{C904606C-0D07-4632-8A96-6D7D9A0E7EAF}.Debug|Any CPU.ActiveCfg = Debug|Any CPU
		{C904606C-0D07-4632-8A96-6D7D9A0E7EAF}.Debug|Any CPU.Build.0 = Debug|Any CPU
		{C904606C-0D07-4632-8A96-6D7D9A0E7EAF}.Release|Any CPU.ActiveCfg = Release|Any CPU
		{C904606C-0D07-4632-8A96-6D7D9A0E7EAF}.Release|Any CPU.Build.0 = Release|Any CPU
		{6096831C-784E-4B82-AC19-75A7F811231A}.Debug|Any CPU.ActiveCfg = Debug|Any CPU
		{6096831C-784E-4B82-AC19-75A7F811231A}.Debug|Any CPU.Build.0 = Debug|Any CPU
		{6096831C-784E-4B82-AC19-75A7F811231A}.Release|Any CPU.ActiveCfg = Release|Any CPU
		{6096831C-784E-4B82-AC19-75A7F811231A}.Release|Any CPU.Build.0 = Release|Any CPU
	EndGlobalSection
	GlobalSection(SolutionProperties) = preSolution
		HideSolutionNode = FALSE
	EndGlobalSection
EndGlobal
